
Microsoft Visual Studio Solution File, Format Version 12.00
# Visual Studio 2012
Project("{8BC9CEB8-8B4A-11D0-8D11-00A0C91BC942}") = "irrlicht_ode", "irrlicht_ode\irrlicht_ode.vcxproj", "{CF5F1116-7208-4950-AA76-8CE2E0E7F06E}"
EndProject
Global
	GlobalSection(SolutionConfigurationPlatforms) = preSolution
		Debug|Win32 = Debug|Win32
		Release|Win32 = Release|Win32
	EndGlobalSection
	GlobalSection(ProjectConfigurationPlatforms) = postSolution
		{CF5F1116-7208-4950-AA76-8CE2E0E7F06E}.Debug|Win32.ActiveCfg = Debug|Win32
		{CF5F1116-7208-4950-AA76-8CE2E0E7F06E}.Debug|Win32.Build.0 = Debug|Win32
		{CF5F1116-7208-4950-AA76-8CE2E0E7F06E}.Release|Win32.ActiveCfg = Release|Win32
		{CF5F1116-7208-4950-AA76-8CE2E0E7F06E}.Release|Win32.Build.0 = Release|Win32
	EndGlobalSection
	GlobalSection(SolutionProperties) = preSolution
		HideSolutionNode = FALSE
	EndGlobalSection
EndGlobal
